PODS:
  - Capacitor (7.6.8):
    - CapacitorCordova
  - CapacitorCordova (7.6.8)
  - CapacitorGeolocation (7.1.8):
    - Capacitor
    - IONGeolocationLib (= 1.0.1)
  - IONGeolocationLib (1.0.1)

DEPENDENCIES:
  - "Capacitor (from `../../node_modules/.pnpm/@capacitor+ios@7.6.8_@capacitor+core@7.6.8/node_modules/@capacitor/ios`)"
  - "CapacitorCordova (from `../../node_modules/.pnpm/@capacitor+ios@7.6.8_@capacitor+core@7.6.8/node_modules/@capacitor/ios`)"
  - "CapacitorGeolocation (from `../../node_modules/.pnpm/@capacitor+geolocation@7.1.8_@capacitor+core@7.6.8/node_modules/@capacitor/geolocation`)"

SPEC REPOS:
  trunk:
    - IONGeolocationLib

EXTERNAL SOURCES:
  Capacitor:
    :path: "../../node_modules/.pnpm/@capacitor+ios@7.6.8_@capacitor+core@7.6.8/node_modules/@capacitor/ios"
  CapacitorCordova:
    :path: "../../node_modules/.pnpm/@capacitor+ios@7.6.8_@capacitor+core@7.6.8/node_modules/@capacitor/ios"
  CapacitorGeolocation:
    :path: "../../node_modules/.pnpm/@capacitor+geolocation@7.1.8_@capacitor+core@7.6.8/node_modules/@capacitor/geolocation"

SPEC CHECKSUMS:
  Capacitor: ff6bf01336ac353098378828aff465095a89e459
  CapacitorCordova: e61ee8c40101b8cd011d0224261606a290c082cf
  CapacitorGeolocation: ab54d708e2fcf99a7bafe0219eaa6f7a932f001a
  IONGeolocationLib: 20f9d0248a0b5264511fb57a37e25dd2badf797a

PODFILE CHECKSUM: 17bc2e330381dd1a8b8153502b26a97beddef282

COCOAPODS: 1.17.0
